
Microsoft Visual Studio Solution File, Format Version 12.00
# Visual Studio Version 16
VisualStudioVersion = 16.0.32413.511
MinimumVisualStudioVersion = 10.0.40219.1
Project("{9A19103F-16F7-4668-BE54-9A1E7A4F7556}") = "AAXClean.Codecs", "src\AAXClean.Codecs.csproj", "{F5B23D7B-C2A5-40A3-B475-BFE356373DF8}"
EndProject
Project("{9A19103F-16F7-4668-BE54-9A1E7A4F7556}") = "AAXClean.Codecs.Test", "tests\AAXClean.Codecs.Test\AAXClean.Codecs.Test.csproj", "{18923356-9ED4-4FBA-A430-432753DE0E16}"
EndProject
Project("{9A19103F-16F7-4668-BE54-9A1E7A4F7556}") = "AAXClean", "..\AAXClean\src\AAXClean.csproj", "{D705027D-03E8-495E-8BE9-FE1D3CAA55F7}"
EndProject
Global
	GlobalSection(SolutionConfigurationPlatforms) = preSolution
		Debug|Any CPU = Debug|Any CPU
		Release|Any CPU = Release|Any CPU
	EndGlobalSection
	GlobalSection(ProjectConfigurationPlatforms) = postSolution
		{F5B23D7B-C2A5-40A3-B475-BFE356373DF8}.Debug|Any CPU.ActiveCfg = Debug|Any CPU
		{F5B23D7B-C2A5-40A3-B475-BFE356373DF8}.Debug|Any CPU.Build.0 = Debug|Any CPU
		{F5B23D7B-C2A5-40A3-B475-BFE356373DF8}.Release|Any CPU.ActiveCfg = Release|Any CPU
		{F5B23D7B-C2A5-40A3-B475-BFE356373DF8}.Release|Any CPU.Build.0 = Release|Any CPU
		{18923356-9ED4-4FBA-A430-432753DE0E16}.Debug|Any CPU.ActiveCfg = Debug|Any CPU
		{18923356-9ED4-4FBA-A430-432753DE0E16}.Debug|Any CPU.Build.0 = Debug|Any CPU
		{18923356-9ED4-4FBA-A430-432753DE0E16}.Release|Any CPU.ActiveCfg = Release|Any CPU
		{18923356-9ED4-4FBA-A430-432753DE0E16}.Release|Any CPU.Build.0 = Release|Any CPU
		{D705027D-03E8-495E-8BE9-FE1D3CAA55F7}.Debug|Any CPU.ActiveCfg = Debug|Any CPU
		{D705027D-03E8-495E-8BE9-FE1D3CAA55F7}.Debug|Any CPU.Build.0 = Debug|Any CPU
		{D705027D-03E8-495E-8BE9-FE1D3CAA55F7}.Release|Any CPU.ActiveCfg = Release|Any CPU
		{D705027D-03E8-495E-8BE9-FE1D3CAA55F7}.Release|Any CPU.Build.0 = Release|Any CPU
	EndGlobalSection
	GlobalSection(SolutionProperties) = preSolution
		HideSolutionNode = FALSE
	EndGlobalSection
	GlobalSection(ExtensibilityGlobals) = postSolution
		SolutionGuid = {EDCBDAD3-6503-4EE0-A342-DDB0D25BF10E}
	EndGlobalSection
EndGlobal
